
Microsoft Visual Studio Solution File, Format Version 12.00
# Visual Studio Version 17
VisualStudioVersion = 17.3.32825.248
MinimumVisualStudioVersion = 10.0.40219.1
Project("{FAE04EC0-301F-11D3-BF4B-00C04F79EFBC}") = "StopWatch", "StopWatch\StopWatch.csproj", "{7975C556-3286-4F7C-92A2-0291B93B7A4E}"
EndProject
Global
	GlobalSection(SolutionConfigurationPlatforms) = preSolution
		Debug|Any CPU = Debug|Any CPU
		Release|Any CPU = Release|Any CPU
	EndGlobalSection
	GlobalSection(ProjectConfigurationPlatforms) = postSolution
		{7975C556-3286-4F7C-92A2-0291B93B7A4E}.Debug|Any CPU.ActiveCfg = Debug|Any CPU
		{7975C556-3286-4F7C-92A2-0291B93B7A4E}.Debug|Any CPU.Build.0 = Debug|Any CPU
		{7975C556-3286-4F7C-92A2-0291B93B7A4E}.Release|Any CPU.ActiveCfg = Release|Any CPU
		{7975C556-3286-4F7C-92A2-0291B93B7A4E}.Release|Any CPU.Build.0 = Release|Any CPU
	EndGlobalSection
	GlobalSection(SolutionProperties) = preSolution
		HideSolutionNode = FALSE
	EndGlobalSection
	GlobalSection(ExtensibilityGlobals) = postSolution
		SolutionGuid = {6AFF2999-3043-4886-B44A-327FC68AE1BE}
	EndGlobalSection
EndGlobal
